// !$*UTF8*$!
{
	archiveVersion = 1;
	classes = {
	};
	objectVersion = 56;
	objects = {

/* Begin PBXBuildFile section */
		C62DE6162AE78383000554E7 /* AppDelegate.swift in Sources */ = {isa = PBXBuildFile; fileRef = C62DE6152AE78383000554E7 /* AppDelegate.swift */; };
		C62DE6182AE78383000554E7 /* SceneDelegate.swift in Sources */ = {isa = PBXBuildFile; fileRef = C62DE6172AE78383000554E7 /* SceneDelegate.swift */; };
		C62DE61A2AE78383000554E7 /* TimeRecordListViewController.swift in Sources */ = {isa = PBXBuildFile; fileRef = C62DE6192AE78383000554E7 /* TimeRecordListViewController.swift */; };
		C62DE61D2AE78383000554E7 /* Main.storyboard in Resources */ = {isa = PBXBuildFile; fileRef = C62DE61B2AE78383000554E7 /* Main.storyboard */; };
		C62DE61F2AE78387000554E7 /* Assets.xcassets in Resources */ = {isa = PBXBuildFile; fileRef = C62DE61E2AE78387000554E7 /* Assets.xcassets */; };
		C62DE6222AE78387000554E7 /* LaunchScreen.storyboard in Resources */ = {isa = PBXBuildFile; fileRef = C62DE6202AE78387000554E7 /* LaunchScreen.storyboard */; };
		C62DE62D2AE78387000554E7 /* TimeRecordTest.swift in Sources */ = {isa = PBXBuildFile; fileRef = C62DE62C2AE78387000554E7 /* TimeRecordTest.swift */; };
		C62DE64A2AE78473000554E7 /* TimeRecordRepository.swift in Sources */ = {isa = PBXBuildFile; fileRef = C62DE6472AE78473000554E7 /* TimeRecordRepository.swift */; };
		C62DE64B2AE78473000554E7 /* InMemoryRepository.swift in Sources */ = {isa = PBXBuildFile; fileRef = C62DE6482AE78473000554E7 /* InMemoryRepository.swift */; };
		C62DE64C2AE78473000554E7 /* TimeRecord.swift in Sources */ = {isa = PBXBuildFile; fileRef = C62DE6492AE78473000554E7 /* TimeRecord.swift */; };
		C630B2B82AEBF78D00AF56BA /* HourPicker.xib in Resources */ = {isa = PBXBuildFile; fileRef = C630B2B72AEBF78D00AF56BA /* HourPicker.xib */; };
		C630B2BB2AEBF7AF00AF56BA /* HourPicker.swift in Sources */ = {isa = PBXBuildFile; fileRef = C630B2BA2AEBF7AF00AF56BA /* HourPicker.swift */; };
		C63ACC2E2AF0F8B90022E99F /* LoadableFromNib.swift in Sources */ = {isa = PBXBuildFile; fileRef = C63ACC2D2AF0F8B90022E99F /* LoadableFromNib.swift */; };
		C666DBFD2AF2B9D9005F45B6 /* Realm in Frameworks */ = {isa = PBXBuildFile; productRef = C666DBFC2AF2B9D9005F45B6 /* Realm */; };
		C666DBFF2AF2B9D9005F45B6 /* RealmSwift in Frameworks */ = {isa = PBXBuildFile; productRef = C666DBFE2AF2B9D9005F45B6 /* RealmSwift */; };
		C666DC012AF2BA0C005F45B6 /* DatabaseTimeRecordRecordRepository.swift in Sources */ = {isa = PBXBuildFile; fileRef = C666DC002AF2BA0C005F45B6 /* DatabaseTimeRecordRecordRepository.swift */; };
		C69739012AE78A7800C931F7 /* TimeRecordRow.xib in Resources */ = {isa = PBXBuildFile; fileRef = C69739002AE78A7800C931F7 /* TimeRecordRow.xib */; };
		C69739032AE78A8A00C931F7 /* TimeRecordRow.swift in Sources */ = {isa = PBXBuildFile; fileRef = C69739022AE78A8A00C931F7 /* TimeRecordRow.swift */; };
		C69739072AE78E2F00C931F7 /* TimeRecordListViewModel.swift in Sources */ = {isa = PBXBuildFile; fileRef = C69739062AE78E2F00C931F7 /* TimeRecordListViewModel.swift */; };
		C697390A2AE7A98D00C931F7 /* TimeRecordViewController.swift in Sources */ = {isa = PBXBuildFile; fileRef = C69739092AE7A98D00C931F7 /* TimeRecordViewController.swift */; };
		C697390C2AE7AA0400C931F7 /* TimeRecordViewModel.swift in Sources */ = {isa = PBXBuildFile; fileRef = C697390B2AE7AA0400C931F7 /* TimeRecordViewModel.swift */; };
		C697390F2AE7AD1300C931F7 /* UITest.swift in Sources */ = {isa = PBXBuildFile; fileRef = C697390E2AE7AD1300C931F7 /* UITest.swift */; };
/* End PBXBuildFile section */

/* Begin PBXContainerItemProxy section */
		C62DE6292AE78387000554E7 /* PBXContainerItemProxy */ = {
			isa = PBXContainerItemProxy;
			containerPortal = C62DE60A2AE78383000554E7 /* Project object */;
			proxyType = 1;
			remoteGlobalIDString = C62DE6112AE78383000554E7;
			remoteInfo = HourRange;
		};
		C62DE6332AE78387000554E7 /* PBXContainerItemProxy */ = {
			isa = PBXContainerItemProxy;
			containerPortal = C62DE60A2AE78383000554E7 /* Project object */;
			proxyType = 1;
			remoteGlobalIDString = C62DE6112AE78383000554E7;
			remoteInfo = HourRange;
		};
/* End PBXContainerItemProxy section */

/* Begin PBXFileReference section */
		C62DE6122AE78383000554E7 /* HourRange.app */ = {isa = PBXFileReference; explicitFileType = wrapper.application; includeInIndex = 0; path = HourRange.app; sourceTree = BUILT_PRODUCTS_DIR; };
		C62DE6152AE78383000554E7 /* AppDelegate.swift */ = {isa = PBXFileReference; lastKnownFileType = sourcecode.swift; path = AppDelegate.swift; sourceTree = "<group>"; };
		C62DE6172AE78383000554E7 /* SceneDelegate.swift */ = {isa = PBXFileReference; lastKnownFileType = sourcecode.swift; path = SceneDelegate.swift; sourceTree = "<group>"; };
		C62DE6192AE78383000554E7 /* TimeRecordListViewController.swift */ = {isa = PBXFileReference; lastKnownFileType = sourcecode.swift; path = TimeRecordListViewController.swift; sourceTree = "<group>"; };
		C62DE61C2AE78383000554E7 /* Base */ = {isa = PBXFileReference; lastKnownFileType = file.storyboard; name = Base; path = Base.lproj/Main.storyboard; sourceTree = "<group>"; };
		C62DE61E2AE78387000554E7 /* Assets.xcassets */ = {isa = PBXFileReference; lastKnownFileType = folder.assetcatalog; path = Assets.xcassets; sourceTree = "<group>"; };
		C62DE6212AE78387000554E7 /* Base */ = {isa = PBXFileReference; lastKnownFileType = file.storyboard; name = Base; path = Base.lproj/LaunchScreen.storyboard; sourceTree = "<group>"; };
		C62DE6232AE78387000554E7 /* Info.plist */ = {isa = PBXFileReference; lastKnownFileType = text.plist.xml; path = Info.plist; sourceTree = "<group>"; };
		C62DE6282AE78387000554E7 /* HourRangeTests.xctest */ = {isa = PBXFileReference; explicitFileType = wrapper.cfbundle; includeInIndex = 0; path = HourRangeTests.xctest; sourceTree = BUILT_PRODUCTS_DIR; };
		C62DE62C2AE78387000554E7 /* TimeRecordTest.swift */ = {isa = PBXFileReference; lastKnownFileType = sourcecode.swift; path = TimeRecordTest.swift; sourceTree = "<group>"; };
		C62DE6322AE78387000554E7 /* HourRangeUITests.xctest */ = {isa = PBXFileReference; explicitFileType = wrapper.cfbundle; includeInIndex = 0; path = HourRangeUITests.xctest; sourceTree = BUILT_PRODUCTS_DIR; };
		C62DE6472AE78473000554E7 /* TimeRecordRepository.swift */ = {isa = PBXFileReference; fileEncoding = 4; lastKnownFileType = sourcecode.swift; path = TimeRecordRepository.swift; sourceTree = "<group>"; };
		C62DE6482AE78473000554E7 /* InMemoryRepository.swift */ = {isa = PBXFileReference; fileEncoding = 4; lastKnownFileType = sourcecode.swift; path = InMemoryRepository.swift; sourceTree = "<group>"; };
		C62DE6492AE78473000554E7 /* TimeRecord.swift */ = {isa = PBXFileReference; fileEncoding = 4; lastKnownFileType = sourcecode.swift; path = TimeRecord.swift; sourceTree = "<group>"; };
		C630B2B72AEBF78D00AF56BA /* HourPicker.xib */ = {isa = PBXFileReference; lastKnownFileType = file.xib; path = HourPicker.xib; sourceTree = "<group>"; };
		C630B2BA2AEBF7AF00AF56BA /* HourPicker.swift */ = {isa = PBXFileReference; lastKnownFileType = sourcecode.swift; path = HourPicker.swift; sourceTree = "<group>"; };
		C63ACC2D2AF0F8B90022E99F /* LoadableFromNib.swift */ = {isa = PBXFileReference; lastKnownFileType = sourcecode.swift; path = LoadableFromNib.swift; sourceTree = "<group>"; };
		C666DC002AF2BA0C005F45B6 /* DatabaseTimeRecordRecordRepository.swift */ = {isa = PBXFileReference; lastKnownFileType = sourcecode.swift; path = DatabaseTimeRecordRecordRepository.swift; sourceTree = "<group>"; };
		C69739002AE78A7800C931F7 /* TimeRecordRow.xib */ = {isa = PBXFileReference; lastKnownFileType = file.xib; path = TimeRecordRow.xib; sourceTree = "<group>"; };
		C69739022AE78A8A00C931F7 /* TimeRecordRow.swift */ = {isa = PBXFileReference; lastKnownFileType = sourcecode.swift; path = TimeRecordRow.swift; sourceTree = "<group>"; };
		C69739062AE78E2F00C931F7 /* TimeRecordListViewModel.swift */ = {isa = PBXFileReference; lastKnownFileType = sourcecode.swift; path = TimeRecordListViewModel.swift; sourceTree = "<group>"; };
		C69739092AE7A98D00C931F7 /* TimeRecordViewController.swift */ = {isa = PBXFileReference; lastKnownFileType = sourcecode.swift; path = TimeRecordViewController.swift; sourceTree = "<group>"; };
		C697390B2AE7AA0400C931F7 /* TimeRecordViewModel.swift */ = {isa = PBXFileReference; lastKnownFileType = sourcecode.swift; path = TimeRecordViewModel.swift; sourceTree = "<group>"; };
		C697390E2AE7AD1300C931F7 /* UITest.swift */ = {isa = PBXFileReference; lastKnownFileType = sourcecode.swift; path = UITest.swift; sourceTree = "<group>"; };
/* End PBXFileReference section */

/* Begin PBXFrameworksBuildPhase section */
		C62DE60F2AE78383000554E7 /* Frameworks */ = {
			isa = PBXFrameworksBuildPhase;
			buildActionMask = 2147483647;
			files = (
				C666DBFF2AF2B9D9005F45B6 /* RealmSwift in Frameworks */,
				C666DBFD2AF2B9D9005F45B6 /* Realm in Frameworks */,
			);
			runOnlyForDeploymentPostprocessing = 0;
		};
		C62DE6252AE78387000554E7 /* Frameworks */ = {
			isa = PBXFrameworksBuildPhase;
			buildActionMask = 2147483647;
			files = (
			);
			runOnlyForDeploymentPostprocessing = 0;
		};
		C62DE62F2AE78387000554E7 /* Frameworks */ = {
			isa = PBXFrameworksBuildPhase;
			buildActionMask = 2147483647;
			files = (
			);
			runOnlyForDeploymentPostprocessing = 0;
		};
/* End PBXFrameworksBuildPhase section */

/* Begin PBXGroup section */
		C62DE6092AE78383000554E7 = {
			isa = PBXGroup;
			children = (
				C62DE6142AE78383000554E7 /* HourRange */,
				C62DE62B2AE78387000554E7 /* HourRangeTests */,
				C62DE6352AE78387000554E7 /* HourRangeUITests */,
				C62DE6132AE78383000554E7 /* Products */,
			);
			sourceTree = "<group>";
		};
		C62DE6132AE78383000554E7 /* Products */ = {
			isa = PBXGroup;
			children = (
				C62DE6122AE78383000554E7 /* HourRange.app */,
				C62DE6282AE78387000554E7 /* HourRangeTests.xctest */,
				C62DE6322AE78387000554E7 /* HourRangeUITests.xctest */,
			);
			name = Products;
			sourceTree = "<group>";
		};
		C62DE6142AE78383000554E7 /* HourRange */ = {
			isa = PBXGroup;
			children = (
				C69738FE2AE78A0600C931F7 /* UI */,
				C62DE6462AE78473000554E7 /* Data */,
				C62DE6152AE78383000554E7 /* AppDelegate.swift */,
				C62DE6172AE78383000554E7 /* SceneDelegate.swift */,
				C62DE61B2AE78383000554E7 /* Main.storyboard */,
				C62DE61E2AE78387000554E7 /* Assets.xcassets */,
				C62DE6202AE78387000554E7 /* LaunchScreen.storyboard */,
				C62DE6232AE78387000554E7 /* Info.plist */,
			);
			path = HourRange;
			sourceTree = "<group>";
		};
		C62DE62B2AE78387000554E7 /* HourRangeTests */ = {
			isa = PBXGroup;
			children = (
				C62DE62C2AE78387000554E7 /* TimeRecordTest.swift */,
			);
			path = HourRangeTests;
			sourceTree = "<group>";
		};
		C62DE6352AE78387000554E7 /* HourRangeUITests */ = {
			isa = PBXGroup;
			children = (
				C697390E2AE7AD1300C931F7 /* UITest.swift */,
			);
			path = HourRangeUITests;
			sourceTree = "<group>";
		};
		C62DE6462AE78473000554E7 /* Data */ = {
			isa = PBXGroup;
			children = (
				C62DE6472AE78473000554E7 /* TimeRecordRepository.swift */,
				C62DE6482AE78473000554E7 /* InMemoryRepository.swift */,
				C62DE6492AE78473000554E7 /* TimeRecord.swift */,
				C666DC002AF2BA0C005F45B6 /* DatabaseTimeRecordRecordRepository.swift */,
			);
			path = Data;
			sourceTree = "<group>";
		};
		C630B2B62AEBF76F00AF56BA /* HourPicker */ = {
			isa = PBXGroup;
			children = (
				C630B2B72AEBF78D00AF56BA /* HourPicker.xib */,
				C630B2BA2AEBF7AF00AF56BA /* HourPicker.swift */,
			);
			path = HourPicker;
			sourceTree = "<group>";
		};
		C63ACC2C2AF0F8980022E99F /* extensions */ = {
			isa = PBXGroup;
			children = (
				C63ACC2D2AF0F8B90022E99F /* LoadableFromNib.swift */,
			);
			path = extensions;
			sourceTree = "<group>";
		};
		C69738FE2AE78A0600C931F7 /* UI */ = {
			isa = PBXGroup;
			children = (
				C63ACC2C2AF0F8980022E99F /* extensions */,
				C630B2B62AEBF76F00AF56BA /* HourPicker */,
				C69739082AE7A97700C931F7 /* TimeRecordVIew */,
				C69739052AE78E2000C931F7 /* TimeRecordList */,
				C69739042AE78E1300C931F7 /* TimeRecordRow */,
			);
			path = UI;
			sourceTree = "<group>";
		};
		C69739042AE78E1300C931F7 /* TimeRecordRow */ = {
			isa = PBXGroup;
			children = (
				C69739002AE78A7800C931F7 /* TimeRecordRow.xib */,
				C69739022AE78A8A00C931F7 /* TimeRecordRow.swift */,
			);
			path = TimeRecordRow;
			sourceTree = "<group>";
		};
		C69739052AE78E2000C931F7 /* TimeRecordList */ = {
			isa = PBXGroup;
			children = (
				C62DE6192AE78383000554E7 /* TimeRecordListViewController.swift */,
				C69739062AE78E2F00C931F7 /* TimeRecordListViewModel.swift */,
			);
			path = TimeRecordList;
			sourceTree = "<group>";
		};
		C69739082AE7A97700C931F7 /* TimeRecordVIew */ = {
			isa = PBXGroup;
			children = (
				C69739092AE7A98D00C931F7 /* TimeRecordViewController.swift */,
				C697390B2AE7AA0400C931F7 /* TimeRecordViewModel.swift */,
			);
			path = TimeRecordVIew;
			sourceTree = "<group>";
		};
/* End PBXGroup section */

/* Begin PBXNativeTarget section */
		C62DE6112AE78383000554E7 /* HourRange */ = {
			isa = PBXNativeTarget;
			buildConfigurationList = C62DE63C2AE78387000554E7 /* Build configuration list for PBXNativeTarget "HourRange" */;
			buildPhases = (
				C62DE60E2AE78383000554E7 /* Sources */,
				C62DE60F2AE78383000554E7 /* Frameworks */,
				C62DE6102AE78383000554E7 /* Resources */,
			);
			buildRules = (
			);
			dependencies = (
			);
			name = HourRange;
			packageProductDependencies = (
				C666DBFC2AF2B9D9005F45B6 /* Realm */,
				C666DBFE2AF2B9D9005F45B6 /* RealmSwift */,
			);
			productName = HourRange;
			productReference = C62DE6122AE78383000554E7 /* HourRange.app */;
			productType = "com.apple.product-type.application";
		};
		C62DE6272AE78387000554E7 /* HourRangeTests */ = {
			isa = PBXNativeTarget;
			buildConfigurationList = C62DE63F2AE78387000554E7 /* Build configuration list for PBXNativeTarget "HourRangeTests" */;
			buildPhases = (
				C62DE6242AE78387000554E7 /* Sources */,
				C62DE6252AE78387000554E7 /* Frameworks */,
				C62DE6262AE78387000554E7 /* Resources */,
			);
			buildRules = (
			);
			dependencies = (
				C62DE62A2AE78387000554E7 /* PBXTargetDependency */,
			);
			name = HourRangeTests;
			productName = HourRangeTests;
			productReference = C62DE6282AE78387000554E7 /* HourRangeTests.xctest */;
			productType = "com.apple.product-type.bundle.unit-test";
		};
		C62DE6312AE78387000554E7 /* HourRangeUITests */ = {
			isa = PBXNativeTarget;
			buildConfigurationList = C62DE6422AE78387000554E7 /* Build configuration list for PBXNativeTarget "HourRangeUITests" */;
			buildPhases = (
				C62DE62E2AE78387000554E7 /* Sources */,
				C62DE62F2AE78387000554E7 /* Frameworks */,
				C62DE6302AE78387000554E7 /* Resources */,
			);
			buildRules = (
			);
			dependencies = (
				C62DE6342AE78387000554E7 /* PBXTargetDependency */,
			);
			name = HourRangeUITests;
			productName = HourRangeUITests;
			productReference = C62DE6322AE78387000554E7 /* HourRangeUITests.xctest */;
			productType = "com.apple.product-type.bundle.ui-testing";
		};
/* End PBXNativeTarget section */

/* Begin PBXProject section */
		C62DE60A2AE78383000554E7 /* Project object */ = {
			isa = PBXProject;
			attributes = {
				BuildIndependentTargetsInParallel = 1;
				LastSwiftUpdateCheck = 1430;
				LastUpgradeCheck = 1430;
				TargetAttributes = {
					C62DE6112AE78383000554E7 = {
						CreatedOnToolsVersion = 14.3.1;
					};
					C62DE6272AE78387000554E7 = {
						CreatedOnToolsVersion = 14.3.1;
						TestTargetID = C62DE6112AE78383000554E7;
					};
					C62DE6312AE78387000554E7 = {
						CreatedOnToolsVersion = 14.3.1;
						LastSwiftMigration = 1430;
						TestTargetID = C62DE6112AE78383000554E7;
					};
				};
			};
			buildConfigurationList = C62DE60D2AE78383000554E7 /* Build configuration list for PBXProject "HourRange" */;
			compatibilityVersion = "Xcode 14.0";
			developmentRegion = en;
			hasScannedForEncodings = 0;
			knownRegions = (
				en,
				Base,
			);
			mainGroup = C62DE6092AE78383000554E7;
			packageReferences = (
				C666DBFB2AF2B9D9005F45B6 /* XCRemoteSwiftPackageReference "realm-swift" */,
			);
			productRefGroup = C62DE6132AE78383000554E7 /* Products */;
			projectDirPath = "";
			projectRoot = "";
			targets = (
				C62DE6112AE78383000554E7 /* HourRange */,
				C62DE6272AE78387000554E7 /* HourRangeTests */,
				C62DE6312AE78387000554E7 /* HourRangeUITests */,
			);
		};
/* End PBXProject section */

/* Begin PBXResourcesBuildPhase section */
		C62DE6102AE78383000554E7 /* Resources */ = {
			isa = PBXResourcesBuildPhase;
			buildActionMask = 2147483647;
			files = (
				C69739012AE78A7800C931F7 /* TimeRecordRow.xib in Resources */,
				C62DE6222AE78387000554E7 /* LaunchScreen.storyboard in Resources */,
				C630B2B82AEBF78D00AF56BA /* HourPicker.xib in Resources */,
				C62DE61F2AE78387000554E7 /* Assets.xcassets in Resources */,
				C62DE61D2AE78383000554E7 /* Main.storyboard in Resources */,
			);
			runOnlyForDeploymentPostprocessing = 0;
		};
		C62DE6262AE78387000554E7 /* Resources */ = {
			isa = PBXResourcesBuildPhase;
			buildActionMask = 2147483647;
			files = (
			);
			runOnlyForDeploymentPostprocessing = 0;
		};
		C62DE6302AE78387000554E7 /* Resources */ = {
			isa = PBXResourcesBuildPhase;
			buildActionMask = 2147483647;
			files = (
			);
			runOnlyForDeploymentPostprocessing = 0;
		};
/* End PBXResourcesBuildPhase section */

/* Begin PBXSourcesBuildPhase section */
		C62DE60E2AE78383000554E7 /* Sources */ = {
			isa = PBXSourcesBuildPhase;
			buildActionMask = 2147483647;
			files = (
				C630B2BB2AEBF7AF00AF56BA /* HourPicker.swift in Sources */,
				C62DE61A2AE78383000554E7 /* TimeRecordListViewController.swift in Sources */,
				C62DE64C2AE78473000554E7 /* TimeRecord.swift in Sources */,
				C666DC012AF2BA0C005F45B6 /* DatabaseTimeRecordRecordRepository.swift in Sources */,
				C62DE6162AE78383000554E7 /* AppDelegate.swift in Sources */,
				C697390C2AE7AA0400C931F7 /* TimeRecordViewModel.swift in Sources */,
				C63ACC2E2AF0F8B90022E99F /* LoadableFromNib.swift in Sources */,
				C62DE6182AE78383000554E7 /* SceneDelegate.swift in Sources */,
				C69739032AE78A8A00C931F7 /* TimeRecordRow.swift in Sources */,
				C62DE64B2AE78473000554E7 /* InMemoryRepository.swift in Sources */,
				C69739072AE78E2F00C931F7 /* TimeRecordListViewModel.swift in Sources */,
				C62DE64A2AE78473000554E7 /* TimeRecordRepository.swift in Sources */,
				C697390A2AE7A98D00C931F7 /* TimeRecordViewController.swift in Sources */,
			);
			runOnlyForDeploymentPostprocessing = 0;
		};
		C62DE6242AE78387000554E7 /* Sources */ = {
			isa = PBXSourcesBuildPhase;
			buildActionMask = 2147483647;
			files = (
				C62DE62D2AE78387000554E7 /* TimeRecordTest.swift in Sources */,
			);
			runOnlyForDeploymentPostprocessing = 0;
		};
		C62DE62E2AE78387000554E7 /* Sources */ = {
			isa = PBXSourcesBuildPhase;
			buildActionMask = 2147483647;
			files = (
				C697390F2AE7AD1300C931F7 /* UITest.swift in Sources */,
			);
			runOnlyForDeploymentPostprocessing = 0;
		};
/* End PBXSourcesBuildPhase section */

/* Begin PBXTargetDependency section */
		C62DE62A2AE78387000554E7 /* PBXTargetDependency */ = {
			isa = PBXTargetDependency;
			target = C62DE6112AE78383000554E7 /* HourRange */;
			targetProxy = C62DE6292AE78387000554E7 /* PBXContainerItemProxy */;
		};
		C62DE6342AE78387000554E7 /* PBXTargetDependency */ = {
			isa = PBXTargetDependency;
			target = C62DE6112AE78383000554E7 /* HourRange */;
			targetProxy = C62DE6332AE78387000554E7 /* PBXContainerItemProxy */;
		};
/* End PBXTargetDependency section */

/* Begin PBXVariantGroup section */
		C62DE61B2AE78383000554E7 /* Main.storyboard */ = {
			isa = PBXVariantGroup;
			children = (
				C62DE61C2AE78383000554E7 /* Base */,
			);
			name = Main.storyboard;
			sourceTree = "<group>";
		};
		C62DE6202AE78387000554E7 /* LaunchScreen.storyboard */ = {
			isa = PBXVariantGroup;
			children = (
				C62DE6212AE78387000554E7 /* Base */,
			);
			name = LaunchScreen.storyboard;
			sourceTree = "<group>";
		};
/* End PBXVariantGroup section */

/* Begin XCBuildConfiguration section */
		C62DE63A2AE78387000554E7 /* Debug */ = {
			isa = XCBuildConfiguration;
			buildSettings = {
				ALWAYS_SEARCH_USER_PATHS = NO;
				CLANG_ANALYZER_NONNULL = YES;
				CLANG_ANALYZER_NUMBER_OBJECT_CONVERSION = YES_AGGRESSIVE;
				CLANG_CXX_LANGUAGE_STANDARD = "gnu++20";
				CLANG_ENABLE_MODULES = YES;
				CLANG_ENABLE_OBJC_ARC = YES;
				CLANG_ENABLE_OBJC_WEAK = YES;
				CLANG_WARN_BLOCK_CAPTURE_AUTORELEASING = YES;
				CLANG_WARN_BOOL_CONVERSION = YES;
				CLANG_WARN_COMMA = YES;
				CLANG_WARN_CONSTANT_CONVERSION = YES;
				CLANG_WARN_DEPRECATED_OBJC_IMPLEMENTATIONS = YES;
				CLANG_WARN_DIRECT_OBJC_ISA_USAGE = YES_ERROR;
				CLANG_WARN_DOCUMENTATION_COMMENTS = YES;
				CLANG_WARN_EMPTY_BODY = YES;
				CLANG_WARN_ENUM_CONVERSION = YES;
				CLANG_WARN_INFINITE_RECURSION = YES;
				CLANG_WARN_INT_CONVERSION = YES;
				CLANG_WARN_NON_LITERAL_NULL_CONVERSION = YES;
				CLANG_WARN_OBJC_IMPLICIT_RETAIN_SELF = YES;
				CLANG_WARN_OBJC_LITERAL_CONVERSION = YES;
				CLANG_WARN_OBJC_ROOT_CLASS = YES_ERROR;
				CLANG_WARN_QUOTED_INCLUDE_IN_FRAMEWORK_HEADER = YES;
				CLANG_WARN_RANGE_LOOP_ANALYSIS = YES;
				CLANG_WARN_STRICT_PROTOTYPES = YES;
				CLANG_WARN_SUSPICIOUS_MOVE = YES;
				CLANG_WARN_UNGUARDED_AVAILABILITY = YES_AGGRESSIVE;
				CLANG_WARN_UNREACHABLE_CODE = YES;
				CLANG_WARN__DUPLICATE_METHOD_MATCH = YES;
				COPY_PHASE_STRIP = NO;
				DEBUG_INFORMATION_FORMAT = dwarf;
				ENABLE_STRICT_OBJC_MSGSEND = YES;
				ENABLE_TESTABILITY = YES;
				GCC_C_LANGUAGE_STANDARD = gnu11;
				GCC_DYNAMIC_NO_PIC = NO;
				GCC_NO_COMMON_BLOCKS = YES;
				GCC_OPTIMIZATION_LEVEL = 0;
				GCC_PREPROCESSOR_DEFINITIONS = (
					"DEBUG=1",
					"$(inherited)",
				);
				GCC_WARN_64_TO_32_BIT_CONVERSION = YES;
				GCC_WARN_ABOUT_RETURN_TYPE = YES_ERROR;
				GCC_WARN_UNDECLARED_SELECTOR = YES;
				GCC_WARN_UNINITIALIZED_AUTOS = YES_AGGRESSIVE;
				GCC_WARN_UNUSED_FUNCTION = YES;
				GCC_WARN_UNUSED_VARIABLE = YES;
				IPHONEOS_DEPLOYMENT_TARGET = 16.4;
				MTL_ENABLE_DEBUG_INFO = INCLUDE_SOURCE;
				MTL_FAST_MATH = YES;
				ONLY_ACTIVE_ARCH = YES;
				SDKROOT = iphoneos;
				SWIFT_ACTIVE_COMPILATION_CONDITIONS = DEBUG;
				SWIFT_OPTIMIZATION_LEVEL = "-Onone";
			};
			name = Debug;
		};
		C62DE63B2AE78387000554E7 /* Release */ = {
			isa = XCBuildConfiguration;
			buildSettings = {
				ALWAYS_SEARCH_USER_PATHS = NO;
				CLANG_ANALYZER_NONNULL = YES;
				CLANG_ANALYZER_NUMBER_OBJECT_CONVERSION = YES_AGGRESSIVE;
				CLANG_CXX_LANGUAGE_STANDARD = "gnu++20";
				CLANG_ENABLE_MODULES = YES;
				CLANG_ENABLE_OBJC_ARC = YES;
				CLANG_ENABLE_OBJC_WEAK = YES;
				CLANG_WARN_BLOCK_CAPTURE_AUTORELEASING = YES;
				CLANG_WARN_BOOL_CONVERSION = YES;
				CLANG_WARN_COMMA = YES;
				CLANG_WARN_CONSTANT_CONVERSION = YES;
				CLANG_WARN_DEPRECATED_OBJC_IMPLEMENTATIONS = YES;
				CLANG_WARN_DIRECT_OBJC_ISA_USAGE = YES_ERROR;
				CLANG_WARN_DOCUMENTATION_COMMENTS = YES;
				CLANG_WARN_EMPTY_BODY = YES;
				CLANG_WARN_ENUM_CONVERSION = YES;
				CLANG_WARN_INFINITE_RECURSION = YES;
				CLANG_WARN_INT_CONVERSION = YES;
				CLANG_WARN_NON_LITERAL_NULL_CONVERSION = YES;
				CLANG_WARN_OBJC_IMPLICIT_RETAIN_SELF = YES;
				CLANG_WARN_OBJC_LITERAL_CONVERSION = YES;
				CLANG_WARN_OBJC_ROOT_CLASS = YES_ERROR;
				CLANG_WARN_QUOTED_INCLUDE_IN_FRAMEWORK_HEADER = YES;
				CLANG_WARN_RANGE_LOOP_ANALYSIS = YES;
				CLANG_WARN_STRICT_PROTOTYPES = YES;
				CLANG_WARN_SUSPICIOUS_MOVE = YES;
				CLANG_WARN_UNGUARDED_AVAILABILITY = YES_AGGRESSIVE;
				CLANG_WARN_UNREACHABLE_CODE = YES;
				CLANG_WARN__DUPLICATE_METHOD_MATCH = YES;
				COPY_PHASE_STRIP = NO;
				DEBUG_INFORMATION_FORMAT = "dwarf-with-dsym";
				ENABLE_NS_ASSERTIONS = NO;
				ENABLE_STRICT_OBJC_MSGSEND = YES;
				GCC_C_LANGUAGE_STANDARD = gnu11;
				GCC_NO_COMMON_BLOCKS = YES;
				GCC_WARN_64_TO_32_BIT_CONVERSION = YES;
				GCC_WARN_ABOUT_RETURN_TYPE = YES_ERROR;
				GCC_WARN_UNDECLARED_SELECTOR = YES;
				GCC_WARN_UNINITIALIZED_AUTOS = YES_AGGRESSIVE;
				GCC_WARN_UNUSED_FUNCTION = YES;
				GCC_WARN_UNUSED_VARIABLE = YES;
				IPHONEOS_DEPLOYMENT_TARGET = 16.4;
				MTL_ENABLE_DEBUG_INFO = NO;
				MTL_FAST_MATH = YES;
				SDKROOT = iphoneos;
				SWIFT_COMPILATION_MODE = wholemodule;
				SWIFT_OPTIMIZATION_LEVEL = "-O";
				VALIDATE_PRODUCT = YES;
			};
			name = Release;
		};
		C62DE63D2AE78387000554E7 /* Debug */ = {
			isa = XCBuildConfiguration;
			buildSettings = {
				ASSETCATALOG_COMPILER_APPICON_NAME = AppIcon;
				ASSETCATALOG_COMPILER_GLOBAL_ACCENT_COLOR_NAME = AccentColor;
				CODE_SIGN_STYLE = Automatic;
				CURRENT_PROJECT_VERSION = 1;
				DEVELOPMENT_TEAM = 9HQDSCG5Y8;
				GENERATE_INFOPLIST_FILE = YES;
				INFOPLIST_FILE = HourRange/Info.plist;
				INFOPLIST_KEY_UIApplicationSupportsIndirectInputEvents = YES;
				INFOPLIST_KEY_UILaunchStoryboardName = LaunchScreen;
				INFOPLIST_KEY_UIMainStoryboardFile = Main;
				INFOPLIST_KEY_UISupportedInterfaceOrientations_iPad = "UIInterfaceOrientationPortrait UIInterfaceOrientationPortraitUpsideDown UIInterfaceOrientationLandscapeLeft UIInterfaceOrientationLandscapeRight";
				INFOPLIST_KEY_UISupportedInterfaceOrientations_iPhone = "UIInterfaceOrientationPortrait UIInterfaceOrientationLandscapeLeft UIInterfaceOrientationLandscapeRight";
				IPHONEOS_DEPLOYMENT_TARGET = 12.0;
				LD_RUNPATH_SEARCH_PATHS = (
					"$(inherited)",
					"@executable_path/Frameworks",
				);
				MARKETING_VERSION = 1.0;
				PRODUCT_BUNDLE_IDENTIFIER = ks.HourRange;
				PRODUCT_NAME = "$(TARGET_NAME)";
				SWIFT_EMIT_LOC_STRINGS = YES;
				SWIFT_VERSION = 5.0;
				TARGETED_DEVICE_FAMILY = "1,2";
			};
			name = Debug;
		};
		C62DE63E2AE78387000554E7 /* Release */ = {
			isa = XCBuildConfiguration;
			buildSettings = {
				ASSETCATALOG_COMPILER_APPICON_NAME = AppIcon;
				ASSETCATALOG_COMPILER_GLOBAL_ACCENT_COLOR_NAME = AccentColor;
				CODE_SIGN_STYLE = Automatic;
				CURRENT_PROJECT_VERSION = 1;
				DEVELOPMENT_TEAM = 9HQDSCG5Y8;
				GENERATE_INFOPLIST_FILE = YES;
				INFOPLIST_FILE = HourRange/Info.plist;
				INFOPLIST_KEY_UIApplicationSupportsIndirectInputEvents = YES;
				INFOPLIST_KEY_UILaunchStoryboardName = LaunchScreen;
				INFOPLIST_KEY_UIMainStoryboardFile = Main;
				INFOPLIST_KEY_UISupportedInterfaceOrientations_iPad = "UIInterfaceOrientationPortrait UIInterfaceOrientationPortraitUpsideDown UIInterfaceOrientationLandscapeLeft UIInterfaceOrientationLandscapeRight";
				INFOPLIST_KEY_UISupportedInterfaceOrientations_iPhone = "UIInterfaceOrientationPortrait UIInterfaceOrientationLandscapeLeft UIInterfaceOrientationLandscapeRight";
				IPHONEOS_DEPLOYMENT_TARGET = 12.0;
				LD_RUNPATH_SEARCH_PATHS = (
					"$(inherited)",
					"@executable_path/Frameworks",
				);
				MARKETING_VERSION = 1.0;
				PRODUCT_BUNDLE_IDENTIFIER = ks.HourRange;
				PRODUCT_NAME = "$(TARGET_NAME)";
				SWIFT_EMIT_LOC_STRINGS = YES;
				SWIFT_VERSION = 5.0;
				TARGETED_DEVICE_FAMILY = "1,2";
			};
			name = Release;
		};
		C62DE6402AE78387000554E7 /* Debug */ = {
			isa = XCBuildConfiguration;
			buildSettings = {
				ALWAYS_EMBED_SWIFT_STANDARD_LIBRARIES = YES;
				BUNDLE_LOADER = "$(TEST_HOST)";
				CODE_SIGN_STYLE = Automatic;
				CURRENT_PROJECT_VERSION = 1;
				DEVELOPMENT_TEAM = 9HQDSCG5Y8;
				GENERATE_INFOPLIST_FILE = YES;
				IPHONEOS_DEPLOYMENT_TARGET = 16.4;
				MARKETING_VERSION = 1.0;
				PRODUCT_BUNDLE_IDENTIFIER = ks.HourRangeTests;
				PRODUCT_NAME = "$(TARGET_NAME)";
				SWIFT_EMIT_LOC_STRINGS = NO;
				SWIFT_VERSION = 5.0;
				TARGETED_DEVICE_FAMILY = "1,2";
				TEST_HOST = "$(BUILT_PRODUCTS_DIR)/HourRange.app/$(BUNDLE_EXECUTABLE_FOLDER_PATH)/HourRange";
			};
			name = Debug;
		};
		C62DE6412AE78387000554E7 /* Release */ = {
			isa = XCBuildConfiguration;
			buildSettings = {
				ALWAYS_EMBED_SWIFT_STANDARD_LIBRARIES = YES;
				BUNDLE_LOADER = "$(TEST_HOST)";
				CODE_SIGN_STYLE = Automatic;
				CURRENT_PROJECT_VERSION = 1;
				DEVELOPMENT_TEAM = 9HQDSCG5Y8;
				GENERATE_INFOPLIST_FILE = YES;
				IPHONEOS_DEPLOYMENT_TARGET = 16.4;
				MARKETING_VERSION = 1.0;
				PRODUCT_BUNDLE_IDENTIFIER = ks.HourRangeTests;
				PRODUCT_NAME = "$(TARGET_NAME)";
				SWIFT_EMIT_LOC_STRINGS = NO;
				SWIFT_VERSION = 5.0;
				TARGETED_DEVICE_FAMILY = "1,2";
				TEST_HOST = "$(BUILT_PRODUCTS_DIR)/HourRange.app/$(BUNDLE_EXECUTABLE_FOLDER_PATH)/HourRange";
			};
			name = Release;
		};
		C62DE6432AE78387000554E7 /* Debug */ = {
			isa = XCBuildConfiguration;
			buildSettings = {
				ALWAYS_EMBED_SWIFT_STANDARD_LIBRARIES = YES;
				CLANG_ENABLE_MODULES = YES;
				CODE_SIGN_STYLE = Automatic;
				CURRENT_PROJECT_VERSION = 1;
				DEVELOPMENT_TEAM = 9HQDSCG5Y8;
				GENERATE_INFOPLIST_FILE = YES;
				MARKETING_VERSION = 1.0;
				PRODUCT_BUNDLE_IDENTIFIER = ks.HourRangeUITests;
				PRODUCT_NAME = "$(TARGET_NAME)";
				SWIFT_EMIT_LOC_STRINGS = NO;
				SWIFT_OPTIMIZATION_LEVEL = "-Onone";
				SWIFT_VERSION = 5.0;
				TARGETED_DEVICE_FAMILY = "1,2";
				TEST_TARGET_NAME = HourRange;
			};
			name = Debug;
		};
		C62DE6442AE78387000554E7 /* Release */ = {
			isa = XCBuildConfiguration;
			buildSettings = {
				ALWAYS_EMBED_SWIFT_STANDARD_LIBRARIES = YES;
				CLANG_ENABLE_MODULES = YES;
				CODE_SIGN_STYLE = Automatic;
				CURRENT_PROJECT_VERSION = 1;
				DEVELOPMENT_TEAM = 9HQDSCG5Y8;
				GENERATE_INFOPLIST_FILE = YES;
				MARKETING_VERSION = 1.0;
				PRODUCT_BUNDLE_IDENTIFIER = ks.HourRangeUITests;
				PRODUCT_NAME = "$(TARGET_NAME)";
				SWIFT_EMIT_LOC_STRINGS = NO;
				SWIFT_VERSION = 5.0;
				TARGETED_DEVICE_FAMILY = "1,2";
				TEST_TARGET_NAME = HourRange;
			};
			name = Release;
		};
/* End XCBuildConfiguration section */

/* Begin XCConfigurationList section */
		C62DE60D2AE78383000554E7 /* Build configuration list for PBXProject "HourRange" */ = {
			isa = XCConfigurationList;
			buildConfigurations = (
				C62DE63A2AE78387000554E7 /* Debug */,
				C62DE63B2AE78387000554E7 /* Release */,
			);
			defaultConfigurationIsVisible = 0;
			defaultConfigurationName = Release;
		};
		C62DE63C2AE78387000554E7 /* Build configuration list for PBXNativeTarget "HourRange" */ = {
			isa = XCConfigurationList;
			buildConfigurations = (
				C62DE63D2AE78387000554E7 /* Debug */,
				C62DE63E2AE78387000554E7 /* Release */,
			);
			defaultConfigurationIsVisible = 0;
			defaultConfigurationName = Release;
		};
		C62DE63F2AE78387000554E7 /* Build configuration list for PBXNativeTarget "HourRangeTests" */ = {
			isa = XCConfigurationList;
			buildConfigurations = (
				C62DE6402AE78387000554E7 /* Debug */,
				C62DE6412AE78387000554E7 /* Release */,
			);
			defaultConfigurationIsVisible = 0;
			defaultConfigurationName = Release;
		};
		C62DE6422AE78387000554E7 /* Build configuration list for PBXNativeTarget "HourRangeUITests" */ = {
			isa = XCConfigurationList;
			buildConfigurations = (
				C62DE6432AE78387000554E7 /* Debug */,
				C62DE6442AE78387000554E7 /* Release */,
			);
			defaultConfigurationIsVisible = 0;
			defaultConfigurationName = Release;
		};
/* End XCConfigurationList section */

/* Begin XCRemoteSwiftPackageReference section */
		C666DBFB2AF2B9D9005F45B6 /* XCRemoteSwiftPackageReference "realm-swift" */ = {
			isa = XCRemoteSwiftPackageReference;
			repositoryURL = "https://github.com/realm/realm-swift";
			requirement = {
				branch = master;
				kind = branch;
			};
		};
/* End XCRemoteSwiftPackageReference section */

/* Begin XCSwiftPackageProductDependency section */
		C666DBFC2AF2B9D9005F45B6 /* Realm */ = {
			isa = XCSwiftPackageProductDependency;
			package = C666DBFB2AF2B9D9005F45B6 /* XCRemoteSwiftPackageReference "realm-swift" */;
			productName = Realm;
		};
		C666DBFE2AF2B9D9005F45B6 /* RealmSwift */ = {
			isa = XCSwiftPackageProductDependency;
			package = C666DBFB2AF2B9D9005F45B6 /* XCRemoteSwiftPackageReference "realm-swift" */;
			productName = RealmSwift;
		};
/* End XCSwiftPackageProductDependency section */
	};
	rootObject = C62DE60A2AE78383000554E7 /* Project object */;
}
