// !$*UTF8*$!
{
	archiveVersion = 1;
	classes = {
	};
	objectVersion = 56;
	objects = {

/* Begin PBXBuildFile section */
		C62DE6162AE78383000554E7 /* AppDelegate.swift in Sources */ = {isa = PBXBuildFile; fileRef = C62DE6152AE78383000554E7 /* AppDelegate.swift */; };
		C62DE6182AE78383000554E7 /* SceneDelegate.swift in Sources */ = {isa = PBXBuildFile; fileRef = C62DE6172AE78383000554E7 /* SceneDelegate.swift */; };
		C62DE61A2AE78383000554E7 /* ViewController.swift in Sources */ = {isa = PBXBuildFile; fileRef = C62DE6192AE78383000554E7 /* ViewController.swift */; };
		C62DE61D2AE78383000554E7 /* Main.storyboard in Resources */ = {isa = PBXBuildFile; fileRef = C62DE61B2AE78383000554E7 /* Main.storyboard */; };
		C62DE61F2AE78387000554E7 /* Assets.xcassets in Resources */ = {isa = PBXBuildFile; fileRef = C62DE61E2AE78387000554E7 /* Assets.xcassets */; };
		C62DE6222AE78387000554E7 /* LaunchScreen.storyboard in Resources */ = {isa = PBXBuildFile; fileRef = C62DE6202AE78387000554E7 /* LaunchScreen.storyboard */; };
		C62DE62D2AE78387000554E7 /* HourRangeTests.swift in Sources */ = {isa = PBXBuildFile; fileRef = C62DE62C2AE78387000554E7 /* HourRangeTests.swift */; };
		C62DE6372AE78387000554E7 /* HourRangeUITests.swift in Sources */ = {isa = PBXBuildFile; fileRef = C62DE6362AE78387000554E7 /* HourRangeUITests.swift */; };
		C62DE6392AE78387000554E7 /* HourRangeUITestsLaunchTests.swift in Sources */ = {isa = PBXBuildFile; fileRef = C62DE6382AE78387000554E7 /* HourRangeUITestsLaunchTests.swift */; };
/* End PBXBuildFile section */

/* Begin PBXContainerItemProxy section */
		C62DE6292AE78387000554E7 /* PBXContainerItemProxy */ = {
			isa = PBXContainerItemProxy;
			containerPortal = C62DE60A2AE78383000554E7 /* Project object */;
			proxyType = 1;
			remoteGlobalIDString = C62DE6112AE78383000554E7;
			remoteInfo = HourRange;
		};
		C62DE6332AE78387000554E7 /* PBXContainerItemProxy */ = {
			isa = PBXContainerItemProxy;
			containerPortal = C62DE60A2AE78383000554E7 /* Project object */;
			proxyType = 1;
			remoteGlobalIDString = C62DE6112AE78383000554E7;
			remoteInfo = HourRange;
		};
/* End PBXContainerItemProxy section */

/* Begin PBXFileReference section */
		C62DE6122AE78383000554E7 /* HourRange.app */ = {isa = PBXFileReference; explicitFileType = wrapper.application; includeInIndex = 0; path = HourRange.app; sourceTree = BUILT_PRODUCTS_DIR; };
		C62DE6152AE78383000554E7 /* AppDelegate.swift */ = {isa = PBXFileReference; lastKnownFileType = sourcecode.swift; path = AppDelegate.swift; sourceTree = "<group>"; };
		C62DE6172AE78383000554E7 /* SceneDelegate.swift */ = {isa = PBXFileReference; lastKnownFileType = sourcecode.swift; path = SceneDelegate.swift; sourceTree = "<group>"; };
		C62DE6192AE78383000554E7 /* ViewController.swift */ = {isa = PBXFileReference; lastKnownFileType = sourcecode.swift; path = ViewController.swift; sourceTree = "<group>"; };
		C62DE61C2AE78383000554E7 /* Base */ = {isa = PBXFileReference; lastKnownFileType = file.storyboard; name = Base; path = Base.lproj/Main.storyboard; sourceTree = "<group>"; };
		C62DE61E2AE78387000554E7 /* Assets.xcassets */ = {isa = PBXFileReference; lastKnownFileType = folder.assetcatalog; path = Assets.xcassets; sourceTree = "<group>"; };
		C62DE6212AE78387000554E7 /* Base */ = {isa = PBXFileReference; lastKnownFileType = file.storyboard; name = Base; path = Base.lproj/LaunchScreen.storyboard; sourceTree = "<group>"; };
		C62DE6232AE78387000554E7 /* Info.plist */ = {isa = PBXFileReference; lastKnownFileType = text.plist.xml; path = Info.plist; sourceTree = "<group>"; };
		C62DE6282AE78387000554E7 /* HourRangeTests.xctest */ = {isa = PBXFileReference; explicitFileType = wrapper.cfbundle; includeInIndex = 0; path = HourRangeTests.xctest; sourceTree = BUILT_PRODUCTS_DIR; };
		C62DE62C2AE78387000554E7 /* HourRangeTests.swift */ = {isa = PBXFileReference; lastKnownFileType = sourcecode.swift; path = HourRangeTests.swift; sourceTree = "<group>"; };
		C62DE6322AE78387000554E7 /* HourRangeUITests.xctest */ = {isa = PBXFileReference; explicitFileType = wrapper.cfbundle; includeInIndex = 0; path = HourRangeUITests.xctest; sourceTree = BUILT_PRODUCTS_DIR; };
		C62DE6362AE78387000554E7 /* HourRangeUITests.swift */ = {isa = PBXFileReference; lastKnownFileType = sourcecode.swift; path = HourRangeUITests.swift; sourceTree = "<group>"; };
		C62DE6382AE78387000554E7 /* HourRangeUITestsLaunchTests.swift */ = {isa = PBXFileReference; lastKnownFileType = sourcecode.swift; path = HourRangeUITestsLaunchTests.swift; sourceTree = "<group>"; };
/* End PBXFileReference section */

/* Begin PBXFrameworksBuildPhase section */
		C62DE60F2AE78383000554E7 /* Frameworks */ = {
			isa = PBXFrameworksBuildPhase;
			buildActionMask = 2147483647;
			files = (
			);
			runOnlyForDeploymentPostprocessing = 0;
		};
		C62DE6252AE78387000554E7 /* Frameworks */ = {
			isa = PBXFrameworksBuildPhase;
			buildActionMask = 2147483647;
			files = (
			);
			runOnlyForDeploymentPostprocessing = 0;
		};
		C62DE62F2AE78387000554E7 /* Frameworks */ = {
			isa = PBXFrameworksBuildPhase;
			buildActionMask = 2147483647;
			files = (
			);
			runOnlyForDeploymentPostprocessing = 0;
		};
/* End PBXFrameworksBuildPhase section */

/* Begin PBXGroup section */
		C62DE6092AE78383000554E7 = {
			isa = PBXGroup;
			children = (
				C62DE6142AE78383000554E7 /* HourRange */,
				C62DE62B2AE78387000554E7 /* HourRangeTests */,
				C62DE6352AE78387000554E7 /* HourRangeUITests */,
				C62DE6132AE78383000554E7 /* Products */,
			);
			sourceTree = "<group>";
		};
		C62DE6132AE78383000554E7 /* Products */ = {
			isa = PBXGroup;
			children = (
				C62DE6122AE78383000554E7 /* HourRange.app */,
				C62DE6282AE78387000554E7 /* HourRangeTests.xctest */,
				C62DE6322AE78387000554E7 /* HourRangeUITests.xctest */,
			);
			name = Products;
			sourceTree = "<group>";
		};
		C62DE6142AE78383000554E7 /* HourRange */ = {
			isa = PBXGroup;
			children = (
				C62DE6152AE78383000554E7 /* AppDelegate.swift */,
				C62DE6172AE78383000554E7 /* SceneDelegate.swift */,
				C62DE6192AE78383000554E7 /* ViewController.swift */,
				C62DE61B2AE78383000554E7 /* Main.storyboard */,
				C62DE61E2AE78387000554E7 /* Assets.xcassets */,
				C62DE6202AE78387000554E7 /* LaunchScreen.storyboard */,
				C62DE6232AE78387000554E7 /* Info.plist */,
			);
			path = HourRange;
			sourceTree = "<group>";
		};
		C62DE62B2AE78387000554E7 /* HourRangeTests */ = {
			isa = PBXGroup;
			children = (
				C62DE62C2AE78387000554E7 /* HourRangeTests.swift */,
			);
			path = HourRangeTests;
			sourceTree = "<group>";
		};
		C62DE6352AE78387000554E7 /* HourRangeUITests */ = {
			isa = PBXGroup;
			children = (
				C62DE6362AE78387000554E7 /* HourRangeUITests.swift */,
				C62DE6382AE78387000554E7 /* HourRangeUITestsLaunchTests.swift */,
			);
			path = HourRangeUITests;
			sourceTree = "<group>";
		};
/* End PBXGroup section */

/* Begin PBXNativeTarget section */
		C62DE6112AE78383000554E7 /* HourRange */ = {
			isa = PBXNativeTarget;
			buildConfigurationList = C62DE63C2AE78387000554E7 /* Build configuration list for PBXNativeTarget "HourRange" */;
			buildPhases = (
				C62DE60E2AE78383000554E7 /* Sources */,
				C62DE60F2AE78383000554E7 /* Frameworks */,
				C62DE6102AE78383000554E7 /* Resources */,
			);
			buildRules = (
			);
			dependencies = (
			);
			name = HourRange;
			productName = HourRange;
			productReference = C62DE6122AE78383000554E7 /* HourRange.app */;
			productType = "com.apple.product-type.application";
		};
		C62DE6272AE78387000554E7 /* HourRangeTests */ = {
			isa = PBXNativeTarget;
			buildConfigurationList = C62DE63F2AE78387000554E7 /* Build configuration list for PBXNativeTarget "HourRangeTests" */;
			buildPhases = (
				C62DE6242AE78387000554E7 /* Sources */,
				C62DE6252AE78387000554E7 /* Frameworks */,
				C62DE6262AE78387000554E7 /* Resources */,
			);
			buildRules = (
			);
			dependencies = (
				C62DE62A2AE78387000554E7 /* PBXTargetDependency */,
			);
			name = HourRangeTests;
			productName = HourRangeTests;
			productReference = C62DE6282AE78387000554E7 /* HourRangeTests.xctest */;
			productType = "com.apple.product-type.bundle.unit-test";
		};
		C62DE6312AE78387000554E7 /* HourRangeUITests */ = {
			isa = PBXNativeTarget;
			buildConfigurationList = C62DE6422AE78387000554E7 /* Build configuration list for PBXNativeTarget "HourRangeUITests" */;
			buildPhases = (
				C62DE62E2AE78387000554E7 /* Sources */,
				C62DE62F2AE78387000554E7 /* Frameworks */,
				C62DE6302AE78387000554E7 /* Resources */,
			);
			buildRules = (
			);
			dependencies = (
				C62DE6342AE78387000554E7 /* PBXTargetDependency */,
			);
			name = HourRangeUITests;
			productName = HourRangeUITests;
			productReference = C62DE6322AE78387000554E7 /* HourRangeUITests.xctest */;
			productType = "com.apple.product-type.bundle.ui-testing";
		};
/* End PBXNativeTarget section */

/* Begin PBXProject section */
		C62DE60A2AE78383000554E7 /* Project object */ = {
			isa = PBXProject;
			attributes = {
				BuildIndependentTargetsInParallel = 1;
				LastSwiftUpdateCheck = 1430;
				LastUpgradeCheck = 1430;
				TargetAttributes = {
					C62DE6112AE78383000554E7 = {
						CreatedOnToolsVersion = 14.3.1;
					};
					C62DE6272AE78387000554E7 = {
						CreatedOnToolsVersion = 14.3.1;
						TestTargetID = C62DE6112AE78383000554E7;
					};
					C62DE6312AE78387000554E7 = {
						CreatedOnToolsVersion = 14.3.1;
						TestTargetID = C62DE6112AE78383000554E7;
					};
				};
			};
			buildConfigurationList = C62DE60D2AE78383000554E7 /* Build configuration list for PBXProject "HourRange" */;
			compatibilityVersion = "Xcode 14.0";
			developmentRegion = en;
			hasScannedForEncodings = 0;
			knownRegions = (
				en,
				Base,
			);
			mainGroup = C62DE6092AE78383000554E7;
			productRefGroup = C62DE6132AE78383000554E7 /* Products */;
			projectDirPath = "";
			projectRoot = "";
			targets = (
				C62DE6112AE78383000554E7 /* HourRange */,
				C62DE6272AE78387000554E7 /* HourRangeTests */,
				C62DE6312AE78387000554E7 /* HourRangeUITests */,
			);
		};
/* End PBXProject section */

/* Begin PBXResourcesBuildPhase section */
		C62DE6102AE78383000554E7 /* Resources */ = {
			isa = PBXResourcesBuildPhase;
			buildActionMask = 2147483647;
			files = (
				C62DE6222AE78387000554E7 /* LaunchScreen.storyboard in Resources */,
				C62DE61F2AE78387000554E7 /* Assets.xcassets in Resources */,
				C62DE61D2AE78383000554E7 /* Main.storyboard in Resources */,
			);
			runOnlyForDeploymentPostprocessing = 0;
		};
		C62DE6262AE78387000554E7 /* Resources */ = {
			isa = PBXResourcesBuildPhase;
			buildActionMask = 2147483647;
			files = (
			);
			runOnlyForDeploymentPostprocessing = 0;
		};
		C62DE6302AE78387000554E7 /* Resources */ = {
			isa = PBXResourcesBuildPhase;
			buildActionMask = 2147483647;
			files = (
			);
			runOnlyForDeploymentPostprocessing = 0;
		};
/* End PBXResourcesBuildPhase section */

/* Begin PBXSourcesBuildPhase section */
		C62DE60E2AE78383000554E7 /* Sources */ = {
			isa = PBXSourcesBuildPhase;
			buildActionMask = 2147483647;
			files = (
				C62DE61A2AE78383000554E7 /* ViewController.swift in Sources */,
				C62DE6162AE78383000554E7 /* AppDelegate.swift in Sources */,
				C62DE6182AE78383000554E7 /* SceneDelegate.swift in Sources */,
			);
			runOnlyForDeploymentPostprocessing = 0;
		};
		C62DE6242AE78387000554E7 /* Sources */ = {
			isa = PBXSourcesBuildPhase;
			buildActionMask = 2147483647;
			files = (
				C62DE62D2AE78387000554E7 /* HourRangeTests.swift in Sources */,
			);
			runOnlyForDeploymentPostprocessing = 0;
		};
		C62DE62E2AE78387000554E7 /* Sources */ = {
			isa = PBXSourcesBuildPhase;
			buildActionMask = 2147483647;
			files = (
				C62DE6392AE78387000554E7 /* HourRangeUITestsLaunchTests.swift in Sources */,
				C62DE6372AE78387000554E7 /* HourRangeUITests.swift in Sources */,
			);
			runOnlyForDeploymentPostprocessing = 0;
		};
/* End PBXSourcesBuildPhase section */

/* Begin PBXTargetDependency section */
		C62DE62A2AE78387000554E7 /* PBXTargetDependency */ = {
			isa = PBXTargetDependency;
			target = C62DE6112AE78383000554E7 /* HourRange */;
			targetProxy = C62DE6292AE78387000554E7 /* PBXContainerItemProxy */;
		};
		C62DE6342AE78387000554E7 /* PBXTargetDependency */ = {
			isa = PBXTargetDependency;
			target = C62DE6112AE78383000554E7 /* HourRange */;
			targetProxy = C62DE6332AE78387000554E7 /* PBXContainerItemProxy */;
		};
/* End PBXTargetDependency section */

/* Begin PBXVariantGroup section */
		C62DE61B2AE78383000554E7 /* Main.storyboard */ = {
			isa = PBXVariantGroup;
			children = (
				C62DE61C2AE78383000554E7 /* Base */,
			);
			name = Main.storyboard;
			sourceTree = "<group>";
		};
		C62DE6202AE78387000554E7 /* LaunchScreen.storyboard */ = {
			isa = PBXVariantGroup;
			children = (
				C62DE6212AE78387000554E7 /* Base */,
			);
			name = LaunchScreen.storyboard;
			sourceTree = "<group>";
		};
/* End PBXVariantGroup section */

/* Begin XCBuildConfiguration section */
		C62DE63A2AE78387000554E7 /* Debug */ = {
			isa = XCBuildConfiguration;
			buildSettings = {
				ALWAYS_SEARCH_USER_PATHS = NO;
				CLANG_ANALYZER_NONNULL = YES;
				CLANG_ANALYZER_NUMBER_OBJECT_CONVERSION = YES_AGGRESSIVE;
				CLANG_CXX_LANGUAGE_STANDARD = "gnu++20";
				CLANG_ENABLE_MODULES = YES;
				CLANG_ENABLE_OBJC_ARC = YES;
				CLANG_ENABLE_OBJC_WEAK = YES;
				CLANG_WARN_BLOCK_CAPTURE_AUTORELEASING = YES;
				CLANG_WARN_BOOL_CONVERSION = YES;
				CLANG_WARN_COMMA = YES;
				CLANG_WARN_CONSTANT_CONVERSION = YES;
				CLANG_WARN_DEPRECATED_OBJC_IMPLEMENTATIONS = YES;
				CLANG_WARN_DIRECT_OBJC_ISA_USAGE = YES_ERROR;
				CLANG_WARN_DOCUMENTATION_COMMENTS = YES;
				CLANG_WARN_EMPTY_BODY = YES;
				CLANG_WARN_ENUM_CONVERSION = YES;
				CLANG_WARN_INFINITE_RECURSION = YES;
				CLANG_WARN_INT_CONVERSION = YES;
				CLANG_WARN_NON_LITERAL_NULL_CONVERSION = YES;
				CLANG_WARN_OBJC_IMPLICIT_RETAIN_SELF = YES;
				CLANG_WARN_OBJC_LITERAL_CONVERSION = YES;
				CLANG_WARN_OBJC_ROOT_CLASS = YES_ERROR;
				CLANG_WARN_QUOTED_INCLUDE_IN_FRAMEWORK_HEADER = YES;
				CLANG_WARN_RANGE_LOOP_ANALYSIS = YES;
				CLANG_WARN_STRICT_PROTOTYPES = YES;
				CLANG_WARN_SUSPICIOUS_MOVE = YES;
				CLANG_WARN_UNGUARDED_AVAILABILITY = YES_AGGRESSIVE;
				CLANG_WARN_UNREACHABLE_CODE = YES;
				CLANG_WARN__DUPLICATE_METHOD_MATCH = YES;
				COPY_PHASE_STRIP = NO;
				DEBUG_INFORMATION_FORMAT = dwarf;
				ENABLE_STRICT_OBJC_MSGSEND = YES;
				ENABLE_TESTABILITY = YES;
				GCC_C_LANGUAGE_STANDARD = gnu11;
				GCC_DYNAMIC_NO_PIC = NO;
				GCC_NO_COMMON_BLOCKS = YES;
				GCC_OPTIMIZATION_LEVEL = 0;
				GCC_PREPROCESSOR_DEFINITIONS = (
					"DEBUG=1",
					"$(inherited)",
				);
				GCC_WARN_64_TO_32_BIT_CONVERSION = YES;
				GCC_WARN_ABOUT_RETURN_TYPE = YES_ERROR;
				GCC_WARN_UNDECLARED_SELECTOR = YES;
				GCC_WARN_UNINITIALIZED_AUTOS = YES_AGGRESSIVE;
				GCC_WARN_UNUSED_FUNCTION = YES;
				GCC_WARN_UNUSED_VARIABLE = YES;
				IPHONEOS_DEPLOYMENT_TARGET = 16.4;
				MTL_ENABLE_DEBUG_INFO = INCLUDE_SOURCE;
				MTL_FAST_MATH = YES;
				ONLY_ACTIVE_ARCH = YES;
				SDKROOT = iphoneos;
				SWIFT_ACTIVE_COMPILATION_CONDITIONS = DEBUG;
				SWIFT_OPTIMIZATION_LEVEL = "-Onone";
			};
			name = Debug;
		};
		C62DE63B2AE78387000554E7 /* Release */ = {
			isa = XCBuildConfiguration;
			buildSettings = {
				ALWAYS_SEARCH_USER_PATHS = NO;
				CLANG_ANALYZER_NONNULL = YES;
				CLANG_ANALYZER_NUMBER_OBJECT_CONVERSION = YES_AGGRESSIVE;
				CLANG_CXX_LANGUAGE_STANDARD = "gnu++20";
				CLANG_ENABLE_MODULES = YES;
				CLANG_ENABLE_OBJC_ARC = YES;
				CLANG_ENABLE_OBJC_WEAK = YES;
				CLANG_WARN_BLOCK_CAPTURE_AUTORELEASING = YES;
				CLANG_WARN_BOOL_CONVERSION = YES;
				CLANG_WARN_COMMA = YES;
				CLANG_WARN_CONSTANT_CONVERSION = YES;
				CLANG_WARN_DEPRECATED_OBJC_IMPLEMENTATIONS = YES;
				CLANG_WARN_DIRECT_OBJC_ISA_USAGE = YES_ERROR;
				CLANG_WARN_DOCUMENTATION_COMMENTS = YES;
				CLANG_WARN_EMPTY_BODY = YES;
				CLANG_WARN_ENUM_CONVERSION = YES;
				CLANG_WARN_INFINITE_RECURSION = YES;
				CLANG_WARN_INT_CONVERSION = YES;
				CLANG_WARN_NON_LITERAL_NULL_CONVERSION = YES;
				CLANG_WARN_OBJC_IMPLICIT_RETAIN_SELF = YES;
				CLANG_WARN_OBJC_LITERAL_CONVERSION = YES;
				CLANG_WARN_OBJC_ROOT_CLASS = YES_ERROR;
				CLANG_WARN_QUOTED_INCLUDE_IN_FRAMEWORK_HEADER = YES;
				CLANG_WARN_RANGE_LOOP_ANALYSIS = YES;
				CLANG_WARN_STRICT_PROTOTYPES = YES;
				CLANG_WARN_SUSPICIOUS_MOVE = YES;
				CLANG_WARN_UNGUARDED_AVAILABILITY = YES_AGGRESSIVE;
				CLANG_WARN_UNREACHABLE_CODE = YES;
				CLANG_WARN__DUPLICATE_METHOD_MATCH = YES;
				COPY_PHASE_STRIP = NO;
				DEBUG_INFORMATION_FORMAT = "dwarf-with-dsym";
				ENABLE_NS_ASSERTIONS = NO;
				ENABLE_STRICT_OBJC_MSGSEND = YES;
				GCC_C_LANGUAGE_STANDARD = gnu11;
				GCC_NO_COMMON_BLOCKS = YES;
				GCC_WARN_64_TO_32_BIT_CONVERSION = YES;
				GCC_WARN_ABOUT_RETURN_TYPE = YES_ERROR;
				GCC_WARN_UNDECLARED_SELECTOR = YES;
				GCC_WARN_UNINITIALIZED_AUTOS = YES_AGGRESSIVE;
				GCC_WARN_UNUSED_FUNCTION = YES;
				GCC_WARN_UNUSED_VARIABLE = YES;
				IPHONEOS_DEPLOYMENT_TARGET = 16.4;
				MTL_ENABLE_DEBUG_INFO = NO;
				MTL_FAST_MATH = YES;
				SDKROOT = iphoneos;
				SWIFT_COMPILATION_MODE = wholemodule;
				SWIFT_OPTIMIZATION_LEVEL = "-O";
				VALIDATE_PRODUCT = YES;
			};
			name = Release;
		};
		C62DE63D2AE78387000554E7 /* Debug */ = {
			isa = XCBuildConfiguration;
			buildSettings = {
				ASSETCATALOG_COMPILER_APPICON_NAME = AppIcon;
				ASSETCATALOG_COMPILER_GLOBAL_ACCENT_COLOR_NAME = AccentColor;
				CODE_SIGN_STYLE = Automatic;
				CURRENT_PROJECT_VERSION = 1;
				DEVELOPMENT_TEAM = 9HQDSCG5Y8;
				GENERATE_INFOPLIST_FILE = YES;
				INFOPLIST_FILE = HourRange/Info.plist;
				INFOPLIST_KEY_UIApplicationSupportsIndirectInputEvents = YES;
				INFOPLIST_KEY_UILaunchStoryboardName = LaunchScreen;
				INFOPLIST_KEY_UIMainStoryboardFile = Main;
				INFOPLIST_KEY_UISupportedInterfaceOrientations_iPad = "UIInterfaceOrientationPortrait UIInterfaceOrientationPortraitUpsideDown UIInterfaceOrientationLandscapeLeft UIInterfaceOrientationLandscapeRight";
				INFOPLIST_KEY_UISupportedInterfaceOrientations_iPhone = "UIInterfaceOrientationPortrait UIInterfaceOrientationLandscapeLeft UIInterfaceOrientationLandscapeRight";
				LD_RUNPATH_SEARCH_PATHS = (
					"$(inherited)",
					"@executable_path/Frameworks",
				);
				MARKETING_VERSION = 1.0;
				PRODUCT_BUNDLE_IDENTIFIER = ks.HourRange;
				PRODUCT_NAME = "$(TARGET_NAME)";
				SWIFT_EMIT_LOC_STRINGS = YES;
				SWIFT_VERSION = 5.0;
				TARGETED_DEVICE_FAMILY = "1,2";
			};
			name = Debug;
		};
		C62DE63E2AE78387000554E7 /* Release */ = {
			isa = XCBuildConfiguration;
			buildSettings = {
				ASSETCATALOG_COMPILER_APPICON_NAME = AppIcon;
				ASSETCATALOG_COMPILER_GLOBAL_ACCENT_COLOR_NAME = AccentColor;
				CODE_SIGN_STYLE = Automatic;
				CURRENT_PROJECT_VERSION = 1;
				DEVELOPMENT_TEAM = 9HQDSCG5Y8;
				GENERATE_INFOPLIST_FILE = YES;
				INFOPLIST_FILE = HourRange/Info.plist;
				INFOPLIST_KEY_UIApplicationSupportsIndirectInputEvents = YES;
				INFOPLIST_KEY_UILaunchStoryboardName = LaunchScreen;
				INFOPLIST_KEY_UIMainStoryboardFile = Main;
				INFOPLIST_KEY_UISupportedInterfaceOrientations_iPad = "UIInterfaceOrientationPortrait UIInterfaceOrientationPortraitUpsideDown UIInterfaceOrientationLandscapeLeft UIInterfaceOrientationLandscapeRight";
				INFOPLIST_KEY_UISupportedInterfaceOrientations_iPhone = "UIInterfaceOrientationPortrait UIInterfaceOrientationLandscapeLeft UIInterfaceOrientationLandscapeRight";
				LD_RUNPATH_SEARCH_PATHS = (
					"$(inherited)",
					"@executable_path/Frameworks",
				);
				MARKETING_VERSION = 1.0;
				PRODUCT_BUNDLE_IDENTIFIER = ks.HourRange;
				PRODUCT_NAME = "$(TARGET_NAME)";
				SWIFT_EMIT_LOC_STRINGS = YES;
				SWIFT_VERSION = 5.0;
				TARGETED_DEVICE_FAMILY = "1,2";
			};
			name = Release;
		};
		C62DE6402AE78387000554E7 /* Debug */ = {
			isa = XCBuildConfiguration;
			buildSettings = {
				ALWAYS_EMBED_SWIFT_STANDARD_LIBRARIES = YES;
				BUNDLE_LOADER = "$(TEST_HOST)";
				CODE_SIGN_STYLE = Automatic;
				CURRENT_PROJECT_VERSION = 1;
				DEVELOPMENT_TEAM = 9HQDSCG5Y8;
				GENERATE_INFOPLIST_FILE = YES;
				IPHONEOS_DEPLOYMENT_TARGET = 16.4;
				MARKETING_VERSION = 1.0;
				PRODUCT_BUNDLE_IDENTIFIER = ks.HourRangeTests;
				PRODUCT_NAME = "$(TARGET_NAME)";
				SWIFT_EMIT_LOC_STRINGS = NO;
				SWIFT_VERSION = 5.0;
				TARGETED_DEVICE_FAMILY = "1,2";
				TEST_HOST = "$(BUILT_PRODUCTS_DIR)/HourRange.app/$(BUNDLE_EXECUTABLE_FOLDER_PATH)/HourRange";
			};
			name = Debug;
		};
		C62DE6412AE78387000554E7 /* Release */ = {
			isa = XCBuildConfiguration;
			buildSettings = {
				ALWAYS_EMBED_SWIFT_STANDARD_LIBRARIES = YES;
				BUNDLE_LOADER = "$(TEST_HOST)";
				CODE_SIGN_STYLE = Automatic;
				CURRENT_PROJECT_VERSION = 1;
				DEVELOPMENT_TEAM = 9HQDSCG5Y8;
				GENERATE_INFOPLIST_FILE = YES;
				IPHONEOS_DEPLOYMENT_TARGET = 16.4;
				MARKETING_VERSION = 1.0;
				PRODUCT_BUNDLE_IDENTIFIER = ks.HourRangeTests;
				PRODUCT_NAME = "$(TARGET_NAME)";
				SWIFT_EMIT_LOC_STRINGS = NO;
				SWIFT_VERSION = 5.0;
				TARGETED_DEVICE_FAMILY = "1,2";
				TEST_HOST = "$(BUILT_PRODUCTS_DIR)/HourRange.app/$(BUNDLE_EXECUTABLE_FOLDER_PATH)/HourRange";
			};
			name = Release;
		};
		C62DE6432AE78387000554E7 /* Debug */ = {
			isa = XCBuildConfiguration;
			buildSettings = {
				ALWAYS_EMBED_SWIFT_STANDARD_LIBRARIES = YES;
				CODE_SIGN_STYLE = Automatic;
				CURRENT_PROJECT_VERSION = 1;
				DEVELOPMENT_TEAM = 9HQDSCG5Y8;
				GENERATE_INFOPLIST_FILE = YES;
				MARKETING_VERSION = 1.0;
				PRODUCT_BUNDLE_IDENTIFIER = ks.HourRangeUITests;
				PRODUCT_NAME = "$(TARGET_NAME)";
				SWIFT_EMIT_LOC_STRINGS = NO;
				SWIFT_VERSION = 5.0;
				TARGETED_DEVICE_FAMILY = "1,2";
				TEST_TARGET_NAME = HourRange;
			};
			name = Debug;
		};
		C62DE6442AE78387000554E7 /* Release */ = {
			isa = XCBuildConfiguration;
			buildSettings = {
				ALWAYS_EMBED_SWIFT_STANDARD_LIBRARIES = YES;
				CODE_SIGN_STYLE = Automatic;
				CURRENT_PROJECT_VERSION = 1;
				DEVELOPMENT_TEAM = 9HQDSCG5Y8;
				GENERATE_INFOPLIST_FILE = YES;
				MARKETING_VERSION = 1.0;
				PRODUCT_BUNDLE_IDENTIFIER = ks.HourRangeUITests;
				PRODUCT_NAME = "$(TARGET_NAME)";
				SWIFT_EMIT_LOC_STRINGS = NO;
				SWIFT_VERSION = 5.0;
				TARGETED_DEVICE_FAMILY = "1,2";
				TEST_TARGET_NAME = HourRange;
			};
			name = Release;
		};
/* End XCBuildConfiguration section */

/* Begin XCConfigurationList section */
		C62DE60D2AE78383000554E7 /* Build configuration list for PBXProject "HourRange" */ = {
			isa = XCConfigurationList;
			buildConfigurations = (
				C62DE63A2AE78387000554E7 /* Debug */,
				C62DE63B2AE78387000554E7 /* Release */,
			);
			defaultConfigurationIsVisible = 0;
			defaultConfigurationName = Release;
		};
		C62DE63C2AE78387000554E7 /* Build configuration list for PBXNativeTarget "HourRange" */ = {
			isa = XCConfigurationList;
			buildConfigurations = (
				C62DE63D2AE78387000554E7 /* Debug */,
				C62DE63E2AE78387000554E7 /* Release */,
			);
			defaultConfigurationIsVisible = 0;
			defaultConfigurationName = Release;
		};
		C62DE63F2AE78387000554E7 /* Build configuration list for PBXNativeTarget "HourRangeTests" */ = {
			isa = XCConfigurationList;
			buildConfigurations = (
				C62DE6402AE78387000554E7 /* Debug */,
				C62DE6412AE78387000554E7 /* Release */,
			);
			defaultConfigurationIsVisible = 0;
			defaultConfigurationName = Release;
		};
		C62DE6422AE78387000554E7 /* Build configuration list for PBXNativeTarget "HourRangeUITests" */ = {
			isa = XCConfigurationList;
			buildConfigurations = (
				C62DE6432AE78387000554E7 /* Debug */,
				C62DE6442AE78387000554E7 /* Release */,
			);
			defaultConfigurationIsVisible = 0;
			defaultConfigurationName = Release;
		};
/* End XCConfigurationList section */
	};
	rootObject = C62DE60A2AE78383000554E7 /* Project object */;
}
